
Microsoft Visual Studio Solution File, Format Version 12.00
# Visual Studio Version 16
VisualStudioVersion = 16.0.29123.88
MinimumVisualStudioVersion = 10.0.40219.1
Project("{FAE04EC0-301F-11D3-BF4B-00C04F79EFBC}") = "ItemCreator", "ItemCreator\ItemCreator.csproj", "{5E1BF51B-9DF9-4D06-94E1-1D471B5104EE}"
EndProject
Global
	GlobalSection(SolutionConfigurationPlatforms) = preSolution
		Debug|Any CPU = Debug|Any CPU
		Release|Any CPU = Release|Any CPU
	EndGlobalSection
	GlobalSection(ProjectConfigurationPlatforms) = postSolution
		{5E1BF51B-9DF9-4D06-94E1-1D471B5104EE}.Debug|Any CPU.ActiveCfg = Debug|Any CPU
		{5E1BF51B-9DF9-4D06-94E1-1D471B5104EE}.Debug|Any CPU.Build.0 = Debug|Any CPU
		{5E1BF51B-9DF9-4D06-94E1-1D471B5104EE}.Release|Any CPU.ActiveCfg = Release|Any CPU
		{5E1BF51B-9DF9-4D06-94E1-1D471B5104EE}.Release|Any CPU.Build.0 = Release|Any CPU
	EndGlobalSection
	GlobalSection(SolutionProperties) = preSolution
		HideSolutionNode = FALSE
	EndGlobalSection
	GlobalSection(ExtensibilityGlobals) = postSolution
		SolutionGuid = {935F6B3B-E53B-4E91-8423-876EC89154E7}
	EndGlobalSection
EndGlobal
